lockfileVersion: 5.3

specifiers:
  '@hyrious/esbuild-dev': ^0.7.4
  '@types/node': ^17.0.21
  cjs-module-lexer: ^1.2.2
  esbuild: ^0.14.26

devDependencies:
  '@hyrious/esbuild-dev': 0.7.4_esbuild@0.14.26
  '@types/node': 17.0.21
  cjs-module-lexer: 1.2.2
  esbuild: 0.14.26

packages:

  /@hyrious/esbuild-dev/0.7.4_esbuild@0.14.26:
    resolution: {integrity: sha512-9Oo2rWfGBxnURZtYi+UtuokoaRzBCSvT4DdcLDbLFfi9LFDghSCQBJML4G4a+C0LbacZ4ibxMH6N7vnG/0QPbA==}
    engines: {node: '>=16.13.0'}
    hasBin: true
    peerDependencies:
      esbuild: '*'
    dependencies:
      esbuild: 0.14.26
    dev: true

  /@types/node/17.0.21:
    resolution: {integrity: sha512-DBZCJbhII3r90XbQxI8Y9IjjiiOGlZ0Hr32omXIZvwwZ7p4DMMXGrKXVyPfuoBOri9XNtL0UK69jYIBIsRX3QQ==}
    dev: true

  /cjs-module-lexer/1.2.2:
    resolution: {integrity: sha512-cOU9usZw8/dXIXKtwa8pM0OTJQuJkxMN6w30csNRUerHfeQ5R6U3kkU/FtJeIf3M202OHfY2U8ccInBG7/xogA==}
    dev: true

  /esbuild-android-64/0.14.26:
    resolution: {integrity: sha512-HIyJ3VvigHfseaI0D+vsD8zKQ4roDUD962/vtO/KXzav6wR//Y//Qx1HUX8k5bQeQ7/0yCXlltY9VBw1MFnWFQ==}
    engines: {node: '>=12'}
    cpu: [x64]
    os: [android]
    requiresBuild: true
    dev: true
    optional: true

  /esbuild-android-arm64/0.14.26:
    resolution: {integrity: sha512-TxRCLxyU5yj3U8Bud9fCg3IxzIXXKaWcmDbvURm8JkRr0WvCAmwZBdLi5T8BasT1v5vrVE//M0KSHZod6HC6lA==}
    engines: {node: '>=12'}
    cpu: [arm64]
    os: [android]
    requiresBuild: true
    dev: true
    optional: true

  /esbuild-darwin-64/0.14.26:
    resolution: {integrity: sha512-oZJBN+CkR47Fc7KB1vowZy2kb5r+WSnsBjVEw7aI8HmR6louAgTr4bs1NwzaF6MbLi41ajaw6RdipfsM1H9PvQ==}
    engines: {node: '>=12'}
    cpu: [x64]
    os: [darwin]
    requiresBuild: true
    dev: true
    optional: true

  /esbuild-darwin-arm64/0.14.26:
    resolution: {integrity: sha512-eYW+cmP3BGVPDp+wd9bRI5CN5HjkZnrMQtj46Mj//UsSh4SRvflAp3pjs3ooA+MCpIa9xZ8091HqLqpYi7KFWA==}
    engines: {node: '>=12'}
    cpu: [arm64]
    os: [darwin]
    requiresBuild: true
    dev: true
    optional: true

  /esbuild-freebsd-64/0.14.26:
    resolution: {integrity: sha512-Q+Hs27fSBkNfUHNhphSyWfF5lxl3o9S6LFlzkC5KofxLCnCESP+7YTzAWTosYGANsPT2mvYFOraFeYEokG+5DA==}
    engines: {node: '>=12'}
    cpu: [x64]
    os: [freebsd]
    requiresBuild: true
    dev: true
    optional: true

  /esbuild-freebsd-arm64/0.14.26:
    resolution: {integrity: sha512-MT+FuC/63oz6j/jvWOMCNqnHBYm/bNhGPArUgQX8GRhofFCeqe0NRmJbhtlHZaEeErIIjHPZQ/nXs34mfiqo/Q==}
    engines: {node: '>=12'}
    cpu: [arm64]
    os: [freebsd]
    requiresBuild: true
    dev: true
    optional: true

  /esbuild-linux-32/0.14.26:
    resolution: {integrity: sha512-9gqSfJ8qMDvz7wXZoinNoe9/ekPpbT+/ZgVfZEeB72ETITVPHvMbG8i0E12wG366G01vMXtlxbD9IYJsMVhe6w==}
    engines: {node: '>=12'}
    cpu: [ia32]
    os: [linux]
    requiresBuild: true
    dev: true
    optional: true

  /esbuild-linux-64/0.14.26:
    resolution: {integrity: sha512-aPku1lCxxXmBr5LkENSlGIbY33jjQExDzaSrNV+dDA5bHXhFnpI9UkSe+vQzrSkxgO66vNjSTNDcxg3pOXBaBw==}
    engines: {node: '>=12'}
    cpu: [x64]
    os: [linux]
    requiresBuild: true
    dev: true
    optional: true

  /esbuild-linux-arm/0.14.26:
    resolution: {integrity: sha512-m7ozLQozfgBmh9l3HWxDEVYEEG8GuTqzRoFuf9iX0xAlbtqmhhlm7M4zNMa2eyPEG+ejgHndAuvuB1hcOWvdJw==}
    engines: {node: '>=12'}
    cpu: [arm]
    os: [linux]
    requiresBuild: true
    dev: true
    optional: true

  /esbuild-linux-arm64/0.14.26:
    resolution: {integrity: sha512-S0boyzv5Yx+IN1A8253nEPzHqn/W/y+CRcLYFZ1E5DscqkY7EvBao6rhff3ZxaHU9Zrkn0pLVqlJdMx3rm6D4Q==}
    engines: {node: '>=12'}
    cpu: [arm64]
    os: [linux]
    requiresBuild: true
    dev: true
    optional: true

  /esbuild-linux-mips64le/0.14.26:
    resolution: {integrity: sha512-TyMRc2ctQV1g9ruHg1Y793e18uDigKKsgzcZPzfxZi2z+hGK1uaSdaejGdULEJBJVMXt3/NC1T1yq0vCTiYYgg==}
    engines: {node: '>=12'}
    cpu: [mips64el]
    os: [linux]
    requiresBuild: true
    dev: true
    optional: true

  /esbuild-linux-ppc64le/0.14.26:
    resolution: {integrity: sha512-aOJPP80m2gV8CyDqEMGbwZaGKuR45tZU1qYZ0+Cy8lWV4CWmd9iBWhCLP3eI9d7163m6t+0YO/6N3iLSVlNnpA==}
    engines: {node: '>=12'}
    cpu: [ppc64]
    os: [linux]
    requiresBuild: true
    dev: true
    optional: true

  /esbuild-linux-riscv64/0.14.26:
    resolution: {integrity: sha512-2E5xK7SNZFXhFzRbZGtUqg3MbHnrx5XzqHaGLOLdHBqOSWIAdJKB3w6WtjpLkZvPuWrKeh51XnRpk1jm0TsUjQ==}
    engines: {node: '>=12'}
    cpu: [riscv64]
    os: [linux]
    requiresBuild: true
    dev: true
    optional: true

  /esbuild-linux-s390x/0.14.26:
    resolution: {integrity: sha512-kfSuFea857mTYMp/RAFmMp9TBjf1T8F/dTRqLn2p+g8Ok30Cp1+mI2+YCmxz5Uw2JOfxyvpND0Ek1PGPMo1UsQ==}
    engines: {node: '>=12'}
    cpu: [s390x]
    os: [linux]
    requiresBuild: true
    dev: true
    optional: true

  /esbuild-netbsd-64/0.14.26:
    resolution: {integrity: sha512-tWhLwfOOqdZRwvaSYIWuic9Cj+WRRCLHe//Bmlf0ThBur9/EssRTtVh6/rC2Okp7Eb4QcerA/1wjWLYLECYD7g==}
    engines: {node: '>=12'}
    cpu: [x64]
    os: [netbsd]
    requiresBuild: true
    dev: true
    optional: true

  /esbuild-openbsd-64/0.14.26:
    resolution: {integrity: sha512-Xj7IWpsPn/hgKNzwjLpnf6wMtV0lfw5bzn7N9vmiCKx9TBA28L2hI8G15O0s9atLKny4HpmCGwZWmReNF1Ui6g==}
    engines: {node: '>=12'}
    cpu: [x64]
    os: [openbsd]
    requiresBuild: true
    dev: true
    optional: true

  /esbuild-sunos-64/0.14.26:
    resolution: {integrity: sha512-5odPsuhghCUYc3c1gEtz6pGq9cuGRDq1+iNdLBjZcz6IUebd0ay/AVORWchs5WddzyJA9hguxrKsPjECxX6OzQ==}
    engines: {node: '>=12'}
    cpu: [x64]
    os: [sunos]
    requiresBuild: true
    dev: true
    optional: true

  /esbuild-windows-32/0.14.26:
    resolution: {integrity: sha512-xSVyGV6xGQlAC/K+oBXC9YiGGqoKqQGXVEFQKlDGXD6rxHGK5Fch0ynuvkjaYWW/p8OWqxGVYcof5BvGjY49RA==}
    engines: {node: '>=12'}
    cpu: [ia32]
    os: [win32]
    requiresBuild: true
    dev: true
    optional: true

  /esbuild-windows-64/0.14.26:
    resolution: {integrity: sha512-Q0Bm42+wIqHJ8yF96T7nXosILXROegRtMmuI1L0kry0YBHnCFMtjNRTyUwv8yi7o2XvVYh7DF0NHLDL4N34MuA==}
    engines: {node: '>=12'}
    cpu: [x64]
    os: [win32]
    requiresBuild: true
    dev: true
    optional: true

  /esbuild-windows-arm64/0.14.26:
    resolution: {integrity: sha512-+l0DB0VV4LiSoDfNsGviK/2M88IR+/fOUfQoQx08RPu7OZ7gv9BqhRLZCSCT4qHT351OTH1nPv7avRXX6JRQcg==}
    engines: {node: '>=12'}
    cpu: [arm64]
    os: [win32]
    requiresBuild: true
    dev: true
    optional: true

  /esbuild/0.14.26:
    resolution: {integrity: sha512-v0zIYlFB9NZ82/hFljhvpA7f8rob66r68ymB7juMz6TYAAMYjKGoW+hrMfRRvic5MAOI2wE/SuykFvsELLa6eA==}
    engines: {node: '>=12'}
    hasBin: true
    requiresBuild: true
    optionalDependencies:
      esbuild-android-64: 0.14.26
      esbuild-android-arm64: 0.14.26
      esbuild-darwin-64: 0.14.26
      esbuild-darwin-arm64: 0.14.26
      esbuild-freebsd-64: 0.14.26
      esbuild-freebsd-arm64: 0.14.26
      esbuild-linux-32: 0.14.26
      esbuild-linux-64: 0.14.26
      esbuild-linux-arm: 0.14.26
      esbuild-linux-arm64: 0.14.26
      esbuild-linux-mips64le: 0.14.26
      esbuild-linux-ppc64le: 0.14.26
      esbuild-linux-riscv64: 0.14.26
      esbuild-linux-s390x: 0.14.26
      esbuild-netbsd-64: 0.14.26
      esbuild-openbsd-64: 0.14.26
      esbuild-sunos-64: 0.14.26
      esbuild-windows-32: 0.14.26
      esbuild-windows-64: 0.14.26
      esbuild-windows-arm64: 0.14.26
    dev: true
